{
  "version": 4,
  "terraform_version": "1.6.0",
  "serial": 3,
  "lineage": "abc-123-def",
  "outputs": {},
  "resources": [
    {
      "mode": "managed",
      "type": "aws_instance",
      "name": "web",
      "provider": "provider[\"registry.terraform.io/hashicorp/aws\"]",
      "instances": [
        {
          "schema_version": 1,
          "attributes": {
            "id": "i-0abc123def456",
            "ami": "ami-0c55b159cbfafe1f0",
            "instance_type": "t3.micro",
            "subnet_id": "subnet-0abc123",
            "vpc_security_group_ids": ["sg-0abc123"],
            "availability_zone": "us-east-1a",
            "tags": {
              "Name": "web-server",
              "Environment": "prod"
            },
            "tags_all": {
              "Name": "web-server",
              "Environment": "prod"
            }
          }
        }
      ]
    },
    {
      "mode": "managed",
      "type": "aws_s3_bucket",
      "name": "logs",
      "provider": "provider[\"registry.terraform.io/hashicorp/aws\"]",
      "instances": [
        {
          "schema_version": 0,
          "attributes": {
            "id": "my-app-logs-bucket",
            "bucket": "my-app-logs-bucket",
            "region": "us-east-1",
            "tags": {
              "Environment": "prod"
            }
          }
        }
      ]
    },
    {
      "mode": "managed",
      "type": "aws_security_group",
      "name": "web",
      "provider": "provider[\"registry.terraform.io/hashicorp/aws\"]",
      "instances": [
        {
          "schema_version": 1,
          "attributes": {
            "id": "sg-0abc123",
            "name": "web-sg",
            "description": "Web server security group",
            "vpc_id": "vpc-0abc123",
            "tags": {
              "Name": "web-sg"
            }
          }
        }
      ]
    },
    {
      "mode": "data",
      "type": "aws_availability_zones",
      "name": "available",
      "provider": "provider[\"registry.terraform.io/hashicorp/aws\"]",
      "instances": [
        {
          "schema_version": 0,
          "attributes": {
            "names": ["us-east-1a", "us-east-1b"]
          }
        }
      ]
    }
  ]
}
